{
	"name": "last.fm",
	"version": "1.0.0",
	"lockfileVersion": 2,
	"requires": true,
	"packages": {
		"": {
			"name": "last.fm",
			"version": "1.0.0",
			"license": "GPL-3.0",
			"dependencies": {
				"axios": "^0.21.1",
				"discord-rpc": "github:discordjs/discord-rpc",
				"tcp-port-used": "^1.0.2"
			},
			"devDependencies": {
				"@types/discord-rpc": "^3.0.5",
				"@types/node": "^14.14.41",
				"@types/tcp-port-used": "^1.0.0"
			}
		},
		"node_modules/@types/discord-rpc": {
			"version": "3.0.5",
			"resolved": "https://registry.npmjs.org/@types/discord-rpc/-/discord-rpc-3.0.5.tgz",
			"integrity": "sha512-rgv9W0XNZt437MoUrQfS6OPjTn1MI3Oix9l5aKyzma5Xf4MAiXbHTPUrL62HlHx6WuFMI58bQpJqoXjz+fHCuQ==",
			"dev": true
		},
		"node_modules/@types/node": {
			"version": "14.14.41",
			"resolved": "https://registry.npmjs.org/@types/node/-/node-14.14.41.tgz",
			"integrity": "sha512-dueRKfaJL4RTtSa7bWeTK1M+VH+Gns73oCgzvYfHZywRCoPSd8EkXBL0mZ9unPTveBn+D9phZBaxuzpwjWkW0g==",
			"dev": true
		},
		"node_modules/@types/tcp-port-used": {
			"version": "1.0.0",
			"resolved": "https://registry.npmjs.org/@types/tcp-port-used/-/tcp-port-used-1.0.0.tgz",
			"integrity": "sha512-UbspV5WZNhfM55HyvLEFyVc5n6K6OKuKep0mzvsgoUXQU1FS42GbePjreBnTCoKXfNzK/3/RJVCRlUDTuszFPg==",
			"dev": true
		},
		"node_modules/axios": {
			"version": "0.21.1",
			"resolved": "https://registry.npmjs.org/axios/-/axios-0.21.1.tgz",
			"integrity": "sha512-dKQiRHxGD9PPRIUNIWvZhPTPpl1rf/OxTYKsqKUDjBwYylTvV7SjSHJb9ratfyzM6wCdLCOYLzs73qpg5c4iGA==",
			"dependencies": {
				"follow-redirects": "^1.10.0"
			}
		},
		"node_modules/bindings": {
			"version": "1.5.0",
			"resolved": "https://registry.npmjs.org/bindings/-/bindings-1.5.0.tgz",
			"integrity": "sha512-p2q/t/mhvuOj/UeLlV6566GD/guowlr0hHxClI0W9m7MWYkL1F0hLo+0Aexs9HSPCtR1SXQ0TD3MMKrXZajbiQ==",
			"optional": true,
			"dependencies": {
				"file-uri-to-path": "1.0.0"
			}
		},
		"node_modules/deep-is": {
			"version": "0.1.3",
			"resolved": "https://registry.npmjs.org/deep-is/-/deep-is-0.1.3.tgz",
			"integrity": "sha1-s2nW+128E+7PUk+RsHD+7cNXzzQ="
		},
		"node_modules/discord-rpc": {
			"version": "3.2.0",
			"resolved": "git+ssh://git@github.com/discordjs/discord-rpc.git#32f1b9f8c47cf82ab87a83391ca9a9115513f01e",
			"license": "MIT",
			"dependencies": {
				"node-fetch": "^2.6.1",
				"ws": "^7.3.1"
			},
			"optionalDependencies": {
				"register-scheme": "github:devsnek/node-register-scheme"
			}
		},
		"node_modules/file-uri-to-path": {
			"version": "1.0.0",
			"resolved": "https://registry.npmjs.org/file-uri-to-path/-/file-uri-to-path-1.0.0.tgz",
			"integrity": "sha512-0Zt+s3L7Vf1biwWZ29aARiVYLx7iMGnEUl9x33fbB/j3jR81u/O2LbqK+Bm1CDSNDKVtJ/YjwY7TUd5SkeLQLw==",
			"optional": true
		},
		"node_modules/follow-redirects": {
			"version": "1.13.3",
			"resolved": "https://registry.npmjs.org/follow-redirects/-/follow-redirects-1.13.3.tgz",
			"integrity": "sha512-DUgl6+HDzB0iEptNQEXLx/KhTmDb8tZUHSeLqpnjpknR70H0nC2t9N73BK6fN4hOvJ84pKlIQVQ4k5FFlBedKA==",
			"funding": [
				{
					"type": "individual",
					"url": "https://github.com/sponsors/RubenVerborgh"
				}
			],
			"engines": {
				"node": ">=4.0"
			},
			"peerDependenciesMeta": {
				"debug": {
					"optional": true
				}
			}
		},
		"node_modules/ip-regex": {
			"version": "4.3.0",
			"resolved": "https://registry.npmjs.org/ip-regex/-/ip-regex-4.3.0.tgz",
			"integrity": "sha512-B9ZWJxHHOHUhUjCPrMpLD4xEq35bUTClHM1S6CBU5ixQnkZmwipwgc96vAd7AAGM9TGHvJR+Uss+/Ak6UphK+Q==",
			"engines": {
				"node": ">=8"
			}
		},
		"node_modules/is-url": {
			"version": "1.2.4",
			"resolved": "https://registry.npmjs.org/is-url/-/is-url-1.2.4.tgz",
			"integrity": "sha512-ITvGim8FhRiYe4IQ5uHSkj7pVaPDrCTkNd3yq3cV7iZAcJdHTUMPMEHcqSOy9xZ9qFenQCvi+2wjH9a1nXqHww=="
		},
		"node_modules/is2": {
			"version": "2.0.6",
			"resolved": "https://registry.npmjs.org/is2/-/is2-2.0.6.tgz",
			"integrity": "sha512-+Z62OHOjA6k2sUDOKXoZI3EXv7Fb1K52jpTBLbkfx62bcUeSsrTBLhEquCRDKTx0XE5XbHcG/S2vrtE3lnEDsQ==",
			"dependencies": {
				"deep-is": "^0.1.3",
				"ip-regex": "^4.1.0",
				"is-url": "^1.2.4"
			},
			"engines": {
				"node": ">=v0.10.0"
			}
		},
		"node_modules/node-addon-api": {
			"version": "1.7.2",
			"resolved": "https://registry.npmjs.org/node-addon-api/-/node-addon-api-1.7.2.tgz",
			"integrity": "sha512-ibPK3iA+vaY1eEjESkQkM0BbCqFOaZMiXRTtdB0u7b4djtY6JnsjvPdUHVMg6xQt3B8fpTTWHI9A+ADjM9frzg==",
			"optional": true
		},
		"node_modules/node-fetch": {
			"version": "2.6.1",
			"resolved": "https://registry.npmjs.org/node-fetch/-/node-fetch-2.6.1.tgz",
			"integrity": "sha512-V4aYg89jEoVRxRb2fJdAg8FHvI7cEyYdVAh94HH0UIK8oJxUfkjlDQN9RbMx+bEjP7+ggMiFRprSti032Oipxw==",
			"engines": {
				"node": "4.x || >=6.0.0"
			}
		},
		"node_modules/register-scheme": {
			"version": "0.0.2",
			"resolved": "git+ssh://git@github.com/devsnek/node-register-scheme.git#e7cc9a63a1f512565da44cb57316d9fb10750e17",
			"hasInstallScript": true,
			"license": "MIT",
			"optional": true,
			"dependencies": {
				"bindings": "^1.3.0",
				"node-addon-api": "^1.3.0"
			}
		},
		"node_modules/tcp-port-used": {
			"version": "1.0.2",
			"resolved": "https://registry.npmjs.org/tcp-port-used/-/tcp-port-used-1.0.2.tgz",
			"integrity": "sha512-l7ar8lLUD3XS1V2lfoJlCBaeoaWo/2xfYt81hM7VlvR4RrMVFqfmzfhLVk40hAb368uitje5gPtBRL1m/DGvLA==",
			"dependencies": {
				"debug": "4.3.1",
				"is2": "^2.0.6"
			}
		},
		"node_modules/tcp-port-used/node_modules/debug": {
			"version": "4.3.1",
			"resolved": "https://registry.npmjs.org/debug/-/debug-4.3.1.tgz",
			"integrity": "sha512-doEwdvm4PCeK4K3RQN2ZC2BYUBaxwLARCqZmMjtF8a51J2Rb0xpVloFRnCODwqjpwnAoao4pelN8l3RJdv3gRQ==",
			"dependencies": {
				"ms": "2.1.2"
			},
			"engines": {
				"node": ">=6.0"
			},
			"peerDependenciesMeta": {
				"supports-color": {
					"optional": true
				}
			}
		},
		"node_modules/tcp-port-used/node_modules/ms": {
			"version": "2.1.2",
			"resolved": "https://registry.npmjs.org/ms/-/ms-2.1.2.tgz",
			"integrity": "sha512-sGkPx+VjMtmA6MX27oA4FBFELFCZZ4S4XqeGOXCv68tT+jb3vk/RyaKWP0PTKyWtmLSM0b+adUTEvbs1PEaH2w=="
		},
		"node_modules/ws": {
			"version": "7.4.4",
			"resolved": "https://registry.npmjs.org/ws/-/ws-7.4.4.tgz",
			"integrity": "sha512-Qm8k8ojNQIMx7S+Zp8u/uHOx7Qazv3Yv4q68MiWWWOJhiwG5W3x7iqmRtJo8xxrciZUY4vRxUTJCKuRnF28ZZw==",
			"engines": {
				"node": ">=8.3.0"
			},
			"peerDependencies": {
				"bufferutil": "^4.0.1",
				"utf-8-validate": "^5.0.2"
			},
			"peerDependenciesMeta": {
				"bufferutil": {
					"optional": true
				},
				"utf-8-validate": {
					"optional": true
				}
			}
		}
	},
	"dependencies": {
		"@types/discord-rpc": {
			"version": "3.0.5",
			"resolved": "https://registry.npmjs.org/@types/discord-rpc/-/discord-rpc-3.0.5.tgz",
			"integrity": "sha512-rgv9W0XNZt437MoUrQfS6OPjTn1MI3Oix9l5aKyzma5Xf4MAiXbHTPUrL62HlHx6WuFMI58bQpJqoXjz+fHCuQ==",
			"dev": true
		},
		"@types/node": {
			"version": "14.14.41",
			"resolved": "https://registry.npmjs.org/@types/node/-/node-14.14.41.tgz",
			"integrity": "sha512-dueRKfaJL4RTtSa7bWeTK1M+VH+Gns73oCgzvYfHZywRCoPSd8EkXBL0mZ9unPTveBn+D9phZBaxuzpwjWkW0g==",
			"dev": true
		},
		"@types/tcp-port-used": {
			"version": "1.0.0",
			"resolved": "https://registry.npmjs.org/@types/tcp-port-used/-/tcp-port-used-1.0.0.tgz",
			"integrity": "sha512-UbspV5WZNhfM55HyvLEFyVc5n6K6OKuKep0mzvsgoUXQU1FS42GbePjreBnTCoKXfNzK/3/RJVCRlUDTuszFPg==",
			"dev": true
		},
		"axios": {
			"version": "0.21.1",
			"resolved": "https://registry.npmjs.org/axios/-/axios-0.21.1.tgz",
			"integrity": "sha512-dKQiRHxGD9PPRIUNIWvZhPTPpl1rf/OxTYKsqKUDjBwYylTvV7SjSHJb9ratfyzM6wCdLCOYLzs73qpg5c4iGA==",
			"requires": {
				"follow-redirects": "^1.10.0"
			}
		},
		"bindings": {
			"version": "1.5.0",
			"resolved": "https://registry.npmjs.org/bindings/-/bindings-1.5.0.tgz",
			"integrity": "sha512-p2q/t/mhvuOj/UeLlV6566GD/guowlr0hHxClI0W9m7MWYkL1F0hLo+0Aexs9HSPCtR1SXQ0TD3MMKrXZajbiQ==",
			"optional": true,
			"requires": {
				"file-uri-to-path": "1.0.0"
			}
		},
		"deep-is": {
			"version": "0.1.3",
			"resolved": "https://registry.npmjs.org/deep-is/-/deep-is-0.1.3.tgz",
			"integrity": "sha1-s2nW+128E+7PUk+RsHD+7cNXzzQ="
		},
		"discord-rpc": {
			"version": "git+ssh://git@github.com/discordjs/discord-rpc.git#32f1b9f8c47cf82ab87a83391ca9a9115513f01e",
			"from": "discord-rpc@github:discordjs/discord-rpc",
			"requires": {
				"node-fetch": "^2.6.1",
				"register-scheme": "github:devsnek/node-register-scheme",
				"ws": "^7.3.1"
			}
		},
		"file-uri-to-path": {
			"version": "1.0.0",
			"resolved": "https://registry.npmjs.org/file-uri-to-path/-/file-uri-to-path-1.0.0.tgz",
			"integrity": "sha512-0Zt+s3L7Vf1biwWZ29aARiVYLx7iMGnEUl9x33fbB/j3jR81u/O2LbqK+Bm1CDSNDKVtJ/YjwY7TUd5SkeLQLw==",
			"optional": true
		},
		"follow-redirects": {
			"version": "1.13.3",
			"resolved": "https://registry.npmjs.org/follow-redirects/-/follow-redirects-1.13.3.tgz",
			"integrity": "sha512-DUgl6+HDzB0iEptNQEXLx/KhTmDb8tZUHSeLqpnjpknR70H0nC2t9N73BK6fN4hOvJ84pKlIQVQ4k5FFlBedKA=="
		},
		"ip-regex": {
			"version": "4.3.0",
			"resolved": "https://registry.npmjs.org/ip-regex/-/ip-regex-4.3.0.tgz",
			"integrity": "sha512-B9ZWJxHHOHUhUjCPrMpLD4xEq35bUTClHM1S6CBU5ixQnkZmwipwgc96vAd7AAGM9TGHvJR+Uss+/Ak6UphK+Q=="
		},
		"is-url": {
			"version": "1.2.4",
			"resolved": "https://registry.npmjs.org/is-url/-/is-url-1.2.4.tgz",
			"integrity": "sha512-ITvGim8FhRiYe4IQ5uHSkj7pVaPDrCTkNd3yq3cV7iZAcJdHTUMPMEHcqSOy9xZ9qFenQCvi+2wjH9a1nXqHww=="
		},
		"is2": {
			"version": "2.0.6",
			"resolved": "https://registry.npmjs.org/is2/-/is2-2.0.6.tgz",
			"integrity": "sha512-+Z62OHOjA6k2sUDOKXoZI3EXv7Fb1K52jpTBLbkfx62bcUeSsrTBLhEquCRDKTx0XE5XbHcG/S2vrtE3lnEDsQ==",
			"requires": {
				"deep-is": "^0.1.3",
				"ip-regex": "^4.1.0",
				"is-url": "^1.2.4"
			}
		},
		"node-addon-api": {
			"version": "1.7.2",
			"resolved": "https://registry.npmjs.org/node-addon-api/-/node-addon-api-1.7.2.tgz",
			"integrity": "sha512-ibPK3iA+vaY1eEjESkQkM0BbCqFOaZMiXRTtdB0u7b4djtY6JnsjvPdUHVMg6xQt3B8fpTTWHI9A+ADjM9frzg==",
			"optional": true
		},
		"node-fetch": {
			"version": "2.6.1",
			"resolved": "https://registry.npmjs.org/node-fetch/-/node-fetch-2.6.1.tgz",
			"integrity": "sha512-V4aYg89jEoVRxRb2fJdAg8FHvI7cEyYdVAh94HH0UIK8oJxUfkjlDQN9RbMx+bEjP7+ggMiFRprSti032Oipxw=="
		},
		"register-scheme": {
			"version": "git+ssh://git@github.com/devsnek/node-register-scheme.git#e7cc9a63a1f512565da44cb57316d9fb10750e17",
			"from": "register-scheme@github:devsnek/node-register-scheme",
			"optional": true,
			"requires": {
				"bindings": "^1.3.0",
				"node-addon-api": "^1.3.0"
			}
		},
		"tcp-port-used": {
			"version": "1.0.2",
			"resolved": "https://registry.npmjs.org/tcp-port-used/-/tcp-port-used-1.0.2.tgz",
			"integrity": "sha512-l7ar8lLUD3XS1V2lfoJlCBaeoaWo/2xfYt81hM7VlvR4RrMVFqfmzfhLVk40hAb368uitje5gPtBRL1m/DGvLA==",
			"requires": {
				"debug": "4.3.1",
				"is2": "^2.0.6"
			},
			"dependencies": {
				"debug": {
					"version": "4.3.1",
					"resolved": "https://registry.npmjs.org/debug/-/debug-4.3.1.tgz",
					"integrity": "sha512-doEwdvm4PCeK4K3RQN2ZC2BYUBaxwLARCqZmMjtF8a51J2Rb0xpVloFRnCODwqjpwnAoao4pelN8l3RJdv3gRQ==",
					"requires": {
						"ms": "2.1.2"
					}
				},
				"ms": {
					"version": "2.1.2",
					"resolved": "https://registry.npmjs.org/ms/-/ms-2.1.2.tgz",
					"integrity": "sha512-sGkPx+VjMtmA6MX27oA4FBFELFCZZ4S4XqeGOXCv68tT+jb3vk/RyaKWP0PTKyWtmLSM0b+adUTEvbs1PEaH2w=="
				}
			}
		},
		"ws": {
			"version": "7.4.4",
			"resolved": "https://registry.npmjs.org/ws/-/ws-7.4.4.tgz",
			"integrity": "sha512-Qm8k8ojNQIMx7S+Zp8u/uHOx7Qazv3Yv4q68MiWWWOJhiwG5W3x7iqmRtJo8xxrciZUY4vRxUTJCKuRnF28ZZw==",
			"requires": {}
		}
	}
}
